
Microsoft Visual Studio Solution File, Format Version 12.00
# Visual Studio Version 17
VisualStudioVersion = 17.4.33403.182
MinimumVisualStudioVersion = 10.0.40219.1
Project("{9A19103F-16F7-4668-BE54-9A1E7A4F7556}") = "Web_CSE", "Web_CSE.csproj", "{D59C066A-CA02-453A-A720-CF9657F46C6E}"
EndProject
Global
	GlobalSection(SolutionConfigurationPlatforms) = preSolution
		Debug|Any CPU = Debug|Any CPU
		Release|Any CPU = Release|Any CPU
	EndGlobalSection
	GlobalSection(ProjectConfigurationPlatforms) = postSolution
		{D59C066A-CA02-453A-A720-CF9657F46C6E}.Debug|Any CPU.ActiveCfg = Debug|Any CPU
		{D59C066A-CA02-453A-A720-CF9657F46C6E}.Debug|Any CPU.Build.0 = Debug|Any CPU
		{D59C066A-CA02-453A-A720-CF9657F46C6E}.Release|Any CPU.ActiveCfg = Release|Any CPU
		{D59C066A-CA02-453A-A720-CF9657F46C6E}.Release|Any CPU.Build.0 = Release|Any CPU
	EndGlobalSection
	GlobalSection(SolutionProperties) = preSolution
		HideSolutionNode = FALSE
	EndGlobalSection
	GlobalSection(ExtensibilityGlobals) = postSolution
		SolutionGuid = {C102F8DB-DF8D-4B7D-8D94-DF2AAD4629F8}
	EndGlobalSection
EndGlobal
